
Microsoft Visual Studio Solution File, Format Version 12.00
# Visual Studio 15
VisualStudioVersion = 15.0.27130.2010
MinimumVisualStudioVersion = 10.0.40219.1
Project("{FAE04EC0-301F-11D3-BF4B-00C04F79EFBC}") = "LowHydrogenWarningTest", "LowHydrogenWarning\LowHydrogenWarningTest.csproj", "{B477D08A-9E79-4E54-9104-28376342B02D}"
EndProject
Project("{FAE04EC0-301F-11D3-BF4B-00C04F79EFBC}") = "SelfRunningScriptTest", "SelfRunningScriptTest\SelfRunningScriptTest.csproj", "{5C333F5F-740C-4888-B901-567FC72B5108}"
EndProject
Project("{FAE04EC0-301F-11D3-BF4B-00C04F79EFBC}") = "GasTanksManagerTest", "GasTanksManager\GasTanksManagerTest.csproj", "{A6B98EB8-ED09-490D-B950-89325256F1DC}"
EndProject
Project("{D954291E-2A0B-460D-934E-DC6B0785DB48}") = "AlertSystem", "Shared\AlertSystem\AlertSystem.shproj", "{EA03188D-A77A-41FA-A04D-A6F057AF8B03}"
EndProject
Project("{D954291E-2A0B-460D-934E-DC6B0785DB48}") = "GasTanksManager", "Shared\GasTanksManager\GasTanksManager.shproj", "{C4D33030-512B-49E4-B084-9EC402AD6E4C}"
EndProject
Project("{D954291E-2A0B-460D-934E-DC6B0785DB48}") = "LowHydrogenWarningSystem", "Shared\LowHydrogenWarningSystem\LowHydrogenWarningSystem.shproj", "{C5A3FD23-F236-4C4E-AD1C-D3E10E76AAFF}"
EndProject
Project("{D954291E-2A0B-460D-934E-DC6B0785DB48}") = "BlockNameConverter", "BlockListManager\BlockNameConverter.shproj", "{FFB82388-D35B-4993-8D29-432F284FF8D5}"
EndProject
Project("{FAE04EC0-301F-11D3-BF4B-00C04F79EFBC}") = "BlockListManagerTest", "BlockListManagerTest\BlockListManagerTest.csproj", "{E1F7DED5-EEE5-4709-8CB4-1609328D3CFD}"
EndProject
Project("{D954291E-2A0B-460D-934E-DC6B0785DB48}") = "PressurizedAreaController", "PressurizedAreaController\PressurizedAreaController.shproj", "{8D50CD5B-0008-49C8-89CC-4B4F3F4CDF91}"
EndProject
Project("{D954291E-2A0B-460D-934E-DC6B0785DB48}") = "StatusReport", "StatusReport\StatusReport.shproj", "{EE60E83E-1100-4063-9A34-1F1F6BC5627D}"
EndProject
Project("{2150E333-8FDC-42A3-9474-1A3956D46DE8}") = "Shared Classes", "Shared Classes", "{5EA3E0BD-29A0-4EF3-9AE7-F5363981E4AF}"
EndProject
Project("{2150E333-8FDC-42A3-9474-1A3956D46DE8}") = "Test Projects", "Test Projects", "{F8557EE2-EB62-4B49-8048-A725FF6A813D}"
EndProject
Project("{FAE04EC0-301F-11D3-BF4B-00C04F79EFBC}") = "AntennaCommunicationTest", "AntennaCommunicationTest\AntennaCommunicationTest.csproj", "{14766CA3-082F-4470-ACBF-8FE6949E0567}"
EndProject
Project("{FAE04EC0-301F-11D3-BF4B-00C04F79EFBC}") = "StationOperationsScript", "StationOperationsScript\StationOperationsScript.csproj", "{A3898FCA-0702-4CC3-B904-A90CA0DA2946}"
EndProject
Project("{FAE04EC0-301F-11D3-BF4B-00C04F79EFBC}") = "HerculesHScript", "HerculesHScript\HerculesHScript.csproj", "{6AA56553-46C1-4569-A3E3-6C2B29E349F6}"
EndProject
Project("{FAE04EC0-301F-11D3-BF4B-00C04F79EFBC}") = "PressurizedAreaControllerTest", "PressurizedAreaControllerTest\PressurizedAreaControllerTest.csproj", "{6AE0B40B-F6AD-4882-AC90-6B2D86BEB86A}"
EndProject
Project("{FAE04EC0-301F-11D3-BF4B-00C04F79EFBC}") = "AirLockModuleScript", "AirLockModuleScript\AirLockModuleScript.csproj", "{D739D993-319E-4D2A-8001-285DEC8CBBA2}"
EndProject
Project("{FAE04EC0-301F-11D3-BF4B-00C04F79EFBC}") = "AlertSystemTest", "AlertSystemTest\AlertSystemTest.csproj", "{C46025CF-0D4E-4483-9218-DC0D8A628AB9}"
EndProject
Project("{FAE04EC0-301F-11D3-BF4B-00C04F79EFBC}") = "StatusReportTest", "StatusReportTest\StatusReportTest.csproj", "{70D7FAA0-8BEF-48C8-843F-CB1082D42FDE}"
EndProject
Project("{D954291E-2A0B-460D-934E-DC6B0785DB48}") = "PressurizedAreaController2", "PressurizedAreaController2\PressurizedAreaController2.shproj", "{F0ECF085-F46F-40C7-A4FD-100CA1D9C10E}"
EndProject
Project("{FAE04EC0-301F-11D3-BF4B-00C04F79EFBC}") = "NameFindAndReplaceScript", "NameReplaceScript\NameFindAndReplaceScript.csproj", "{3820C734-7295-4CD4-996D-131572FCFBCA}"
EndProject
Project("{D954291E-2A0B-460D-934E-DC6B0785DB48}") = "NameFindAndReplace", "NameReplacer\NameFindAndReplace.shproj", "{A91D1A4A-D559-4781-B29E-DA23BB57D7AC}"
EndProject
Project("{D954291E-2A0B-460D-934E-DC6B0785DB48}") = "CommonBlockFinder", "CommonBlockFinder\CommonBlockFinder.shproj", "{0A90DFEE-7699-41A3-88EB-02E0B2A73EE4}"
EndProject
Project("{D954291E-2A0B-460D-934E-DC6B0785DB48}") = "CommandParser", "CommandParser\CommandParser.shproj", "{8624FAEE-1954-4224-90F6-4994C6D9B956}"
EndProject
Project("{FAE04EC0-301F-11D3-BF4B-00C04F79EFBC}") = "ShuttleBayScript", "ShuttleBayScript\ShuttleBayScript.csproj", "{7608EE35-598B-4398-8B53-ED5F3474C5FC}"
EndProject
Global
	GlobalSection(SharedMSBuildProjectFiles) = preSolution
		CommonBlockFinder\CommonBlockFinder.projitems*{0a90dfee-7699-41a3-88eb-02e0b2a73ee4}*SharedItemsImports = 13
		CommandParser\CommandParser.projitems*{3820c734-7295-4cd4-996d-131572fcfbca}*SharedItemsImports = 4
		CommonBlockFinder\CommonBlockFinder.projitems*{3820c734-7295-4cd4-996d-131572fcfbca}*SharedItemsImports = 4
		NameReplacer\NameReplacer.projitems*{3820c734-7295-4cd4-996d-131572fcfbca}*SharedItemsImports = 4
		Shared\AlertSystem\AlertSystem.projitems*{6aa56553-46c1-4569-a3e3-6c2b29e349f6}*SharedItemsImports = 4
		Shared\GasTanksManager\GasTanksManager.projitems*{6aa56553-46c1-4569-a3e3-6c2b29e349f6}*SharedItemsImports = 4
		Shared\LowHydrogenWarningSystem\LowHydrogenWarningSystem.projitems*{6aa56553-46c1-4569-a3e3-6c2b29e349f6}*SharedItemsImports = 4
		StatusReport\StatusReport.projitems*{6aa56553-46c1-4569-a3e3-6c2b29e349f6}*SharedItemsImports = 4
		BlockListManager\BlockListManager.projitems*{6ae0b40b-f6ad-4882-ac90-6b2d86beb86a}*SharedItemsImports = 4
		PressurizedAreaController\PressurizedAreaController.projitems*{6ae0b40b-f6ad-4882-ac90-6b2d86beb86a}*SharedItemsImports = 4
		Shared\AlertSystem\AlertSystem.projitems*{6ae0b40b-f6ad-4882-ac90-6b2d86beb86a}*SharedItemsImports = 4
		Shared\GasTanksManager\GasTanksManager.projitems*{6ae0b40b-f6ad-4882-ac90-6b2d86beb86a}*SharedItemsImports = 4
		StatusReport\StatusReport.projitems*{6ae0b40b-f6ad-4882-ac90-6b2d86beb86a}*SharedItemsImports = 4
		StatusReport\StatusReport.projitems*{70d7faa0-8bef-48c8-843f-cb1082d42fde}*SharedItemsImports = 4
		BlockListManager\BlockListManager.projitems*{7608ee35-598b-4398-8b53-ed5f3474c5fc}*SharedItemsImports = 4
		PressurizedAreaController\PressurizedAreaController.projitems*{7608ee35-598b-4398-8b53-ed5f3474c5fc}*SharedItemsImports = 4
		Shared\AlertSystem\AlertSystem.projitems*{7608ee35-598b-4398-8b53-ed5f3474c5fc}*SharedItemsImports = 4
		Shared\GasTanksManager\GasTanksManager.projitems*{7608ee35-598b-4398-8b53-ed5f3474c5fc}*SharedItemsImports = 4
		StatusReport\StatusReport.projitems*{7608ee35-598b-4398-8b53-ed5f3474c5fc}*SharedItemsImports = 4
		CommandParser\CommandParser.projitems*{8624faee-1954-4224-90f6-4994c6d9b956}*SharedItemsImports = 13
		PressurizedAreaController\PressurizedAreaController.projitems*{8d50cd5b-0008-49c8-89cc-4b4f3f4cdf91}*SharedItemsImports = 13
		Shared\GasTanksManager\GasTanksManager.projitems*{a6b98eb8-ed09-490d-b950-89325256f1dc}*SharedItemsImports = 4
		StatusReport\StatusReport.projitems*{a6b98eb8-ed09-490d-b950-89325256f1dc}*SharedItemsImports = 4
		NameReplacer\NameReplacer.projitems*{a91d1a4a-d559-4781-b29e-da23bb57d7ac}*SharedItemsImports = 13
		Shared\AlertSystem\AlertSystem.projitems*{b477d08a-9e79-4e54-9104-28376342b02d}*SharedItemsImports = 4
		Shared\GasTanksManager\GasTanksManager.projitems*{b477d08a-9e79-4e54-9104-28376342b02d}*SharedItemsImports = 4
		StatusReport\StatusReport.projitems*{b477d08a-9e79-4e54-9104-28376342b02d}*SharedItemsImports = 4
		Shared\AlertSystem\AlertSystem.projitems*{c46025cf-0d4e-4483-9218-dc0d8a628ab9}*SharedItemsImports = 4
		Shared\GasTanksManager\GasTanksManager.projitems*{c4d33030-512b-49e4-b084-9ec402ad6e4c}*SharedItemsImports = 13
		Shared\LowHydrogenWarningSystem\LowHydrogenWarningSystem.projitems*{c5a3fd23-f236-4c4e-ad1c-d3e10e76aaff}*SharedItemsImports = 13
		BlockListManager\BlockListManager.projitems*{d739d993-319e-4d2a-8001-285dec8cbba2}*SharedItemsImports = 4
		PressurizedAreaController2\PressurizedAreaController2.projitems*{d739d993-319e-4d2a-8001-285dec8cbba2}*SharedItemsImports = 4
		Shared\AlertSystem\AlertSystem.projitems*{d739d993-319e-4d2a-8001-285dec8cbba2}*SharedItemsImports = 4
		Shared\GasTanksManager\GasTanksManager.projitems*{d739d993-319e-4d2a-8001-285dec8cbba2}*SharedItemsImports = 4
		StatusReport\StatusReport.projitems*{d739d993-319e-4d2a-8001-285dec8cbba2}*SharedItemsImports = 4
		BlockListManager\BlockListManager.projitems*{e1f7ded5-eee5-4709-8cb4-1609328d3cfd}*SharedItemsImports = 4
		Shared\AlertSystem\AlertSystem.projitems*{ea03188d-a77a-41fa-a04d-a6f057af8b03}*SharedItemsImports = 13
		StatusReport\StatusReport.projitems*{ee60e83e-1100-4063-9a34-1f1f6bc5627d}*SharedItemsImports = 13
		PressurizedAreaController2\PressurizedAreaController2.projitems*{f0ecf085-f46f-40c7-a4fd-100ca1d9c10e}*SharedItemsImports = 13
		BlockListManager\BlockListManager.projitems*{ffb82388-d35b-4993-8d29-432f284ff8d5}*SharedItemsImports = 13
	EndGlobalSection
	GlobalSection(SolutionConfigurationPlatforms) = preSolution
		Debug|Any CPU = Debug|Any CPU
		Debug|x64 = Debug|x64
		Release|Any CPU = Release|Any CPU
		Release|x64 = Release|x64
	EndGlobalSection
	GlobalSection(ProjectConfigurationPlatforms) = postSolution
		{B477D08A-9E79-4E54-9104-28376342B02D}.Debug|Any CPU.ActiveCfg = Debug|x64
		{B477D08A-9E79-4E54-9104-28376342B02D}.Debug|x64.ActiveCfg = Debug|x64
		{B477D08A-9E79-4E54-9104-28376342B02D}.Debug|x64.Build.0 = Debug|x64
		{B477D08A-9E79-4E54-9104-28376342B02D}.Release|Any CPU.ActiveCfg = Debug|x64
		{B477D08A-9E79-4E54-9104-28376342B02D}.Release|Any CPU.Build.0 = Debug|x64
		{B477D08A-9E79-4E54-9104-28376342B02D}.Release|x64.ActiveCfg = Debug|x64
		{B477D08A-9E79-4E54-9104-28376342B02D}.Release|x64.Build.0 = Debug|x64
		{5C333F5F-740C-4888-B901-567FC72B5108}.Debug|Any CPU.ActiveCfg = Debug|x64
		{5C333F5F-740C-4888-B901-567FC72B5108}.Debug|x64.ActiveCfg = Debug|x64
		{5C333F5F-740C-4888-B901-567FC72B5108}.Debug|x64.Build.0 = Debug|x64
		{5C333F5F-740C-4888-B901-567FC72B5108}.Release|Any CPU.ActiveCfg = Debug|x64
		{5C333F5F-740C-4888-B901-567FC72B5108}.Release|Any CPU.Build.0 = Debug|x64
		{5C333F5F-740C-4888-B901-567FC72B5108}.Release|x64.ActiveCfg = Debug|x64
		{5C333F5F-740C-4888-B901-567FC72B5108}.Release|x64.Build.0 = Debug|x64
		{A6B98EB8-ED09-490D-B950-89325256F1DC}.Debug|Any CPU.ActiveCfg = Debug|x64
		{A6B98EB8-ED09-490D-B950-89325256F1DC}.Debug|x64.ActiveCfg = Debug|x64
		{A6B98EB8-ED09-490D-B950-89325256F1DC}.Debug|x64.Build.0 = Debug|x64
		{A6B98EB8-ED09-490D-B950-89325256F1DC}.Release|Any CPU.ActiveCfg = Debug|x64
		{A6B98EB8-ED09-490D-B950-89325256F1DC}.Release|Any CPU.Build.0 = Debug|x64
		{A6B98EB8-ED09-490D-B950-89325256F1DC}.Release|x64.ActiveCfg = Debug|x64
		{A6B98EB8-ED09-490D-B950-89325256F1DC}.Release|x64.Build.0 = Debug|x64
		{E1F7DED5-EEE5-4709-8CB4-1609328D3CFD}.Debug|Any CPU.ActiveCfg = Debug|x64
		{E1F7DED5-EEE5-4709-8CB4-1609328D3CFD}.Debug|x64.ActiveCfg = Debug|x64
		{E1F7DED5-EEE5-4709-8CB4-1609328D3CFD}.Debug|x64.Build.0 = Debug|x64
		{E1F7DED5-EEE5-4709-8CB4-1609328D3CFD}.Release|Any CPU.ActiveCfg = Debug|x64
		{E1F7DED5-EEE5-4709-8CB4-1609328D3CFD}.Release|Any CPU.Build.0 = Debug|x64
		{E1F7DED5-EEE5-4709-8CB4-1609328D3CFD}.Release|x64.ActiveCfg = Debug|x64
		{E1F7DED5-EEE5-4709-8CB4-1609328D3CFD}.Release|x64.Build.0 = Debug|x64
		{14766CA3-082F-4470-ACBF-8FE6949E0567}.Debug|Any CPU.ActiveCfg = Debug|x64
		{14766CA3-082F-4470-ACBF-8FE6949E0567}.Debug|x64.ActiveCfg = Debug|x64
		{14766CA3-082F-4470-ACBF-8FE6949E0567}.Debug|x64.Build.0 = Debug|x64
		{14766CA3-082F-4470-ACBF-8FE6949E0567}.Release|Any CPU.ActiveCfg = Debug|x64
		{14766CA3-082F-4470-ACBF-8FE6949E0567}.Release|Any CPU.Build.0 = Debug|x64
		{14766CA3-082F-4470-ACBF-8FE6949E0567}.Release|x64.ActiveCfg = Debug|x64
		{14766CA3-082F-4470-ACBF-8FE6949E0567}.Release|x64.Build.0 = Debug|x64
		{A3898FCA-0702-4CC3-B904-A90CA0DA2946}.Debug|Any CPU.ActiveCfg = Debug|x64
		{A3898FCA-0702-4CC3-B904-A90CA0DA2946}.Debug|x64.ActiveCfg = Debug|x64
		{A3898FCA-0702-4CC3-B904-A90CA0DA2946}.Debug|x64.Build.0 = Debug|x64
		{A3898FCA-0702-4CC3-B904-A90CA0DA2946}.Release|Any CPU.ActiveCfg = Debug|x64
		{A3898FCA-0702-4CC3-B904-A90CA0DA2946}.Release|Any CPU.Build.0 = Debug|x64
		{A3898FCA-0702-4CC3-B904-A90CA0DA2946}.Release|x64.ActiveCfg = Debug|x64
		{A3898FCA-0702-4CC3-B904-A90CA0DA2946}.Release|x64.Build.0 = Debug|x64
		{6AA56553-46C1-4569-A3E3-6C2B29E349F6}.Debug|Any CPU.ActiveCfg = Debug|x64
		{6AA56553-46C1-4569-A3E3-6C2B29E349F6}.Debug|x64.ActiveCfg = Debug|x64
		{6AA56553-46C1-4569-A3E3-6C2B29E349F6}.Debug|x64.Build.0 = Debug|x64
		{6AA56553-46C1-4569-A3E3-6C2B29E349F6}.Release|Any CPU.ActiveCfg = Debug|x64
		{6AA56553-46C1-4569-A3E3-6C2B29E349F6}.Release|Any CPU.Build.0 = Debug|x64
		{6AA56553-46C1-4569-A3E3-6C2B29E349F6}.Release|x64.ActiveCfg = Debug|x64
		{6AA56553-46C1-4569-A3E3-6C2B29E349F6}.Release|x64.Build.0 = Debug|x64
		{6AE0B40B-F6AD-4882-AC90-6B2D86BEB86A}.Debug|Any CPU.ActiveCfg = Debug|x64
		{6AE0B40B-F6AD-4882-AC90-6B2D86BEB86A}.Debug|x64.ActiveCfg = Debug|x64
		{6AE0B40B-F6AD-4882-AC90-6B2D86BEB86A}.Debug|x64.Build.0 = Debug|x64
		{6AE0B40B-F6AD-4882-AC90-6B2D86BEB86A}.Release|Any CPU.ActiveCfg = Debug|x64
		{6AE0B40B-F6AD-4882-AC90-6B2D86BEB86A}.Release|Any CPU.Build.0 = Debug|x64
		{6AE0B40B-F6AD-4882-AC90-6B2D86BEB86A}.Release|x64.ActiveCfg = Debug|x64
		{6AE0B40B-F6AD-4882-AC90-6B2D86BEB86A}.Release|x64.Build.0 = Debug|x64
		{D739D993-319E-4D2A-8001-285DEC8CBBA2}.Debug|Any CPU.ActiveCfg = Debug|x64
		{D739D993-319E-4D2A-8001-285DEC8CBBA2}.Debug|x64.ActiveCfg = Debug|x64
		{D739D993-319E-4D2A-8001-285DEC8CBBA2}.Debug|x64.Build.0 = Debug|x64
		{D739D993-319E-4D2A-8001-285DEC8CBBA2}.Release|Any CPU.ActiveCfg = Debug|x64
		{D739D993-319E-4D2A-8001-285DEC8CBBA2}.Release|Any CPU.Build.0 = Debug|x64
		{D739D993-319E-4D2A-8001-285DEC8CBBA2}.Release|x64.ActiveCfg = Debug|x64
		{D739D993-319E-4D2A-8001-285DEC8CBBA2}.Release|x64.Build.0 = Debug|x64
		{C46025CF-0D4E-4483-9218-DC0D8A628AB9}.Debug|Any CPU.ActiveCfg = Debug|x64
		{C46025CF-0D4E-4483-9218-DC0D8A628AB9}.Debug|x64.ActiveCfg = Debug|x64
		{C46025CF-0D4E-4483-9218-DC0D8A628AB9}.Debug|x64.Build.0 = Debug|x64
		{C46025CF-0D4E-4483-9218-DC0D8A628AB9}.Release|Any CPU.ActiveCfg = Debug|x64
		{C46025CF-0D4E-4483-9218-DC0D8A628AB9}.Release|Any CPU.Build.0 = Debug|x64
		{C46025CF-0D4E-4483-9218-DC0D8A628AB9}.Release|x64.ActiveCfg = Debug|x64
		{C46025CF-0D4E-4483-9218-DC0D8A628AB9}.Release|x64.Build.0 = Debug|x64
		{70D7FAA0-8BEF-48C8-843F-CB1082D42FDE}.Debug|Any CPU.ActiveCfg = Debug|x64
		{70D7FAA0-8BEF-48C8-843F-CB1082D42FDE}.Debug|x64.ActiveCfg = Debug|x64
		{70D7FAA0-8BEF-48C8-843F-CB1082D42FDE}.Debug|x64.Build.0 = Debug|x64
		{70D7FAA0-8BEF-48C8-843F-CB1082D42FDE}.Release|Any CPU.ActiveCfg = Debug|x64
		{70D7FAA0-8BEF-48C8-843F-CB1082D42FDE}.Release|Any CPU.Build.0 = Debug|x64
		{70D7FAA0-8BEF-48C8-843F-CB1082D42FDE}.Release|x64.ActiveCfg = Debug|x64
		{70D7FAA0-8BEF-48C8-843F-CB1082D42FDE}.Release|x64.Build.0 = Debug|x64
		{3820C734-7295-4CD4-996D-131572FCFBCA}.Debug|Any CPU.ActiveCfg = Debug|x64
		{3820C734-7295-4CD4-996D-131572FCFBCA}.Debug|x64.ActiveCfg = Debug|x64
		{3820C734-7295-4CD4-996D-131572FCFBCA}.Debug|x64.Build.0 = Debug|x64
		{3820C734-7295-4CD4-996D-131572FCFBCA}.Release|Any CPU.ActiveCfg = Debug|x64
		{3820C734-7295-4CD4-996D-131572FCFBCA}.Release|Any CPU.Build.0 = Debug|x64
		{3820C734-7295-4CD4-996D-131572FCFBCA}.Release|x64.ActiveCfg = Debug|x64
		{3820C734-7295-4CD4-996D-131572FCFBCA}.Release|x64.Build.0 = Debug|x64
		{7608EE35-598B-4398-8B53-ED5F3474C5FC}.Debug|Any CPU.ActiveCfg = Debug|x64
		{7608EE35-598B-4398-8B53-ED5F3474C5FC}.Debug|x64.ActiveCfg = Debug|x64
		{7608EE35-598B-4398-8B53-ED5F3474C5FC}.Debug|x64.Build.0 = Debug|x64
		{7608EE35-598B-4398-8B53-ED5F3474C5FC}.Release|Any CPU.ActiveCfg = Debug|x64
		{7608EE35-598B-4398-8B53-ED5F3474C5FC}.Release|Any CPU.Build.0 = Debug|x64
		{7608EE35-598B-4398-8B53-ED5F3474C5FC}.Release|x64.ActiveCfg = Debug|x64
		{7608EE35-598B-4398-8B53-ED5F3474C5FC}.Release|x64.Build.0 = Debug|x64
	EndGlobalSection
	GlobalSection(SolutionProperties) = preSolution
		HideSolutionNode = FALSE
	EndGlobalSection
	GlobalSection(NestedProjects) = preSolution
		{B477D08A-9E79-4E54-9104-28376342B02D} = {F8557EE2-EB62-4B49-8048-A725FF6A813D}
		{5C333F5F-740C-4888-B901-567FC72B5108} = {F8557EE2-EB62-4B49-8048-A725FF6A813D}
		{A6B98EB8-ED09-490D-B950-89325256F1DC} = {F8557EE2-EB62-4B49-8048-A725FF6A813D}
		{EA03188D-A77A-41FA-A04D-A6F057AF8B03} = {5EA3E0BD-29A0-4EF3-9AE7-F5363981E4AF}
		{C4D33030-512B-49E4-B084-9EC402AD6E4C} = {5EA3E0BD-29A0-4EF3-9AE7-F5363981E4AF}
		{C5A3FD23-F236-4C4E-AD1C-D3E10E76AAFF} = {5EA3E0BD-29A0-4EF3-9AE7-F5363981E4AF}
		{FFB82388-D35B-4993-8D29-432F284FF8D5} = {5EA3E0BD-29A0-4EF3-9AE7-F5363981E4AF}
		{E1F7DED5-EEE5-4709-8CB4-1609328D3CFD} = {F8557EE2-EB62-4B49-8048-A725FF6A813D}
		{8D50CD5B-0008-49C8-89CC-4B4F3F4CDF91} = {5EA3E0BD-29A0-4EF3-9AE7-F5363981E4AF}
		{EE60E83E-1100-4063-9A34-1F1F6BC5627D} = {5EA3E0BD-29A0-4EF3-9AE7-F5363981E4AF}
		{14766CA3-082F-4470-ACBF-8FE6949E0567} = {F8557EE2-EB62-4B49-8048-A725FF6A813D}
		{6AE0B40B-F6AD-4882-AC90-6B2D86BEB86A} = {F8557EE2-EB62-4B49-8048-A725FF6A813D}
		{C46025CF-0D4E-4483-9218-DC0D8A628AB9} = {F8557EE2-EB62-4B49-8048-A725FF6A813D}
		{70D7FAA0-8BEF-48C8-843F-CB1082D42FDE} = {F8557EE2-EB62-4B49-8048-A725FF6A813D}
		{F0ECF085-F46F-40C7-A4FD-100CA1D9C10E} = {5EA3E0BD-29A0-4EF3-9AE7-F5363981E4AF}
		{A91D1A4A-D559-4781-B29E-DA23BB57D7AC} = {5EA3E0BD-29A0-4EF3-9AE7-F5363981E4AF}
		{0A90DFEE-7699-41A3-88EB-02E0B2A73EE4} = {5EA3E0BD-29A0-4EF3-9AE7-F5363981E4AF}
		{8624FAEE-1954-4224-90F6-4994C6D9B956} = {5EA3E0BD-29A0-4EF3-9AE7-F5363981E4AF}
	EndGlobalSection
	GlobalSection(ExtensibilityGlobals) = postSolution
		SolutionGuid = {D4513608-A7B2-4E84-9C32-B3F6F08CF172}
	EndGlobalSection
EndGlobal
